// !$*UTF8*$!
{
	archiveVersion = 1;
	classes = {
	};
	objectVersion = 77;
	objects = {

/* Begin PBXBuildFile section */
		A4D3D3CD2F2ECC9200C66F21 /* BarOverlayView.swift in Sources */ = {isa = PBXBuildFile; fileRef = A4D3D3BB2F2ECC9200C66F21 /* BarOverlayView.swift */; };
		A4D3D3CE2F2ECC9200C66F21 /* BodyPoseService.swift in Sources */ = {isa = PBXBuildFile; fileRef = A4D3D3BC2F2ECC9200C66F21 /* BodyPoseService.swift */; };
		A4D3D3CF2F2ECC9200C66F21 /* CameraSetupView.swift in Sources */ = {isa = PBXBuildFile; fileRef = A4D3D3BD2F2ECC9200C66F21 /* CameraSetupView.swift */; };
		A4D3D3D02F2ECC9200C66F21 /* CameraView.swift in Sources */ = {isa = PBXBuildFile; fileRef = A4D3D3BE2F2ECC9200C66F21 /* CameraView.swift */; };
		A4D3D3D22F2ECC9200C66F21 /* PoseOverlayView.swift in Sources */ = {isa = PBXBuildFile; fileRef = A4D3D3C02F2ECC9200C66F21 /* PoseOverlayView.swift */; };
		A4D3D3D32F2ECC9200C66F21 /* PreviewView.swift in Sources */ = {isa = PBXBuildFile; fileRef = A4D3D3C12F2ECC9200C66F21 /* PreviewView.swift */; };
		A4D3D3D42F2ECC9200C66F21 /* RepCounter.swift in Sources */ = {isa = PBXBuildFile; fileRef = A4D3D3C22F2ECC9200C66F21 /* RepCounter.swift */; };
		A4D3D3D52F2ECC9200C66F21 /* RepCounterTests.swift in Sources */ = {isa = PBXBuildFile; fileRef = A4D3D3C32F2ECC9200C66F21 /* RepCounterTests.swift */; };
		A4D3D3D62F2ECC9200C66F21 /* StatsView.swift in Sources */ = {isa = PBXBuildFile; fileRef = A4D3D3C42F2ECC9200C66F21 /* StatsView.swift */; };
		A4D3D3D82F2ECC9200C66F21 /* Theme.swift in Sources */ = {isa = PBXBuildFile; fileRef = A4D3D3C62F2ECC9200C66F21 /* Theme.swift */; };
		A4D3D3D92F2ECC9200C66F21 /* WorkoutSessionRepository.swift in Sources */ = {isa = PBXBuildFile; fileRef = A4D3D3C72F2ECC9200C66F21 /* WorkoutSessionRepository.swift */; };
		A4D3D3DA2F2ECC9200C66F21 /* WorkoutSessionStore.swift in Sources */ = {isa = PBXBuildFile; fileRef = A4D3D3C82F2ECC9200C66F21 /* WorkoutSessionStore.swift */; };
		A4D3D3DB2F2ECC9200C66F21 /* WorkoutSessionView.swift in Sources */ = {isa = PBXBuildFile; fileRef = A4D3D3C92F2ECC9200C66F21 /* WorkoutSessionView.swift */; };
		A4D3D3DC2F2ECC9200C66F21 /* WorkoutSessionViewModel.swift in Sources */ = {isa = PBXBuildFile; fileRef = A4D3D3CA2F2ECC9200C66F21 /* WorkoutSessionViewModel.swift */; };
		A4D3D3DD2F2ECC9200C66F21 /* WorkoutSummaryView.swift in Sources */ = {isa = PBXBuildFile; fileRef = A4D3D3CB2F2ECC9200C66F21 /* WorkoutSummaryView.swift */; };
		A4D3D3DE2F2ECC9200C66F21 /* WorkoutView.swift in Sources */ = {isa = PBXBuildFile; fileRef = A4D3D3CC2F2ECC9200C66F21 /* WorkoutView.swift */; };
		A4D3D3E12F2ECCD100C66F21 /* EnlargedPulsingCircle.swift in Sources */ = {isa = PBXBuildFile; fileRef = A4D3D3E02F2ECCD100C66F21 /* EnlargedPulsingCircle.swift */; };
		A4EBDA352F2ED51E0050768B /* README.md in Resources */ = {isa = PBXBuildFile; fileRef = A4EBDA342F2ED51E0050768B /* README.md */; };
/* End PBXBuildFile section */

/* Begin PBXFileReference section */
		A494A1252E16CE7900207553 /* Tempa.app */ = {isa = PBXFileReference; explicitFileType = wrapper.application; includeInIndex = 0; path = Tempa.app; sourceTree = BUILT_PRODUCTS_DIR; };
		A4D3D3BB2F2ECC9200C66F21 /* BarOverlayView.swift */ = {isa = PBXFileReference; lastKnownFileType = sourcecode.swift; path = BarOverlayView.swift; sourceTree = "<group>"; };
		A4D3D3BC2F2ECC9200C66F21 /* BodyPoseService.swift */ = {isa = PBXFileReference; lastKnownFileType = sourcecode.swift; path = BodyPoseService.swift; sourceTree = "<group>"; };
		A4D3D3BD2F2ECC9200C66F21 /* CameraSetupView.swift */ = {isa = PBXFileReference; lastKnownFileType = sourcecode.swift; path = CameraSetupView.swift; sourceTree = "<group>"; };
		A4D3D3BE2F2ECC9200C66F21 /* CameraView.swift */ = {isa = PBXFileReference; lastKnownFileType = sourcecode.swift; path = CameraView.swift; sourceTree = "<group>"; };
		A4D3D3C02F2ECC9200C66F21 /* PoseOverlayView.swift */ = {isa = PBXFileReference; lastKnownFileType = sourcecode.swift; path = PoseOverlayView.swift; sourceTree = "<group>"; };
		A4D3D3C12F2ECC9200C66F21 /* PreviewView.swift */ = {isa = PBXFileReference; lastKnownFileType = sourcecode.swift; path = PreviewView.swift; sourceTree = "<group>"; };
		A4D3D3C22F2ECC9200C66F21 /* RepCounter.swift */ = {isa = PBXFileReference; lastKnownFileType = sourcecode.swift; path = RepCounter.swift; sourceTree = "<group>"; };
		A4D3D3C32F2ECC9200C66F21 /* RepCounterTests.swift */ = {isa = PBXFileReference; lastKnownFileType = sourcecode.swift; path = RepCounterTests.swift; sourceTree = "<group>"; };
		A4D3D3C42F2ECC9200C66F21 /* StatsView.swift */ = {isa = PBXFileReference; lastKnownFileType = sourcecode.swift; path = StatsView.swift; sourceTree = "<group>"; };
		A4D3D3C62F2ECC9200C66F21 /* Theme.swift */ = {isa = PBXFileReference; lastKnownFileType = sourcecode.swift; path = Theme.swift; sourceTree = "<group>"; };
		A4D3D3C72F2ECC9200C66F21 /* WorkoutSessionRepository.swift */ = {isa = PBXFileReference; lastKnownFileType = sourcecode.swift; path = WorkoutSessionRepository.swift; sourceTree = "<group>"; };
		A4D3D3C82F2ECC9200C66F21 /* WorkoutSessionStore.swift */ = {isa = PBXFileReference; lastKnownFileType = sourcecode.swift; path = WorkoutSessionStore.swift; sourceTree = "<group>"; };
		A4D3D3C92F2ECC9200C66F21 /* WorkoutSessionView.swift */ = {isa = PBXFileReference; lastKnownFileType = sourcecode.swift; path = WorkoutSessionView.swift; sourceTree = "<group>"; };
		A4D3D3CA2F2ECC9200C66F21 /* WorkoutSessionViewModel.swift */ = {isa = PBXFileReference; lastKnownFileType = sourcecode.swift; path = WorkoutSessionViewModel.swift; sourceTree = "<group>"; };
		A4D3D3CB2F2ECC9200C66F21 /* WorkoutSummaryView.swift */ = {isa = PBXFileReference; lastKnownFileType = sourcecode.swift; path = WorkoutSummaryView.swift; sourceTree = "<group>"; };
		A4D3D3CC2F2ECC9200C66F21 /* WorkoutView.swift */ = {isa = PBXFileReference; lastKnownFileType = sourcecode.swift; path = WorkoutView.swift; sourceTree = "<group>"; };
		A4D3D3E02F2ECCD100C66F21 /* EnlargedPulsingCircle.swift */ = {isa = PBXFileReference; lastKnownFileType = sourcecode.swift; path = EnlargedPulsingCircle.swift; sourceTree = "<group>"; };
		A4EBDA342F2ED51E0050768B /* README.md */ = {isa = PBXFileReference; lastKnownFileType = net.daringfireball.markdown; path = README.md; sourceTree = "<group>"; };
/* End PBXFileReference section */

/* Begin PBXFileSystemSynchronizedRootGroup section */
		A494A1272E16CE7900207553 /* Tempa */ = {
			isa = PBXFileSystemSynchronizedRootGroup;
			path = Tempa;
			sourceTree = "<group>";
		};
/* End PBXFileSystemSynchronizedRootGroup section */

/* Begin PBXFrameworksBuildPhase section */
		A494A1222E16CE7900207553 /* Frameworks */ = {
			isa = PBXFrameworksBuildPhase;
			buildActionMask = 2147483647;
			files = (
			);
			runOnlyForDeploymentPostprocessing = 0;
		};
/* End PBXFrameworksBuildPhase section */

/* Begin PBXGroup section */
		A494A11C2E16CE7900207553 = {
			isa = PBXGroup;
			children = (
				A4D3D3E72F2ECEFC00C66F21 /* Tests */,
				A4D3D3E62F2ECEF700C66F21 /* Shared */,
				A4D3D3E52F2ECEE300C66F21 /* Features */,
				A4D3D3E42F2ECEDC00C66F21 /* Services */,
				A4D3D3E32F2ECED500C66F21 /* Persistence */,
				A4D3D3E22F2ECEB400C66F21 /* Domain */,
				A494A1272E16CE7900207553 /* Tempa */,
				A494A1262E16CE7900207553 /* Products */,
			);
			sourceTree = "<group>";
		};
		A494A1262E16CE7900207553 /* Products */ = {
			isa = PBXGroup;
			children = (
				A494A1252E16CE7900207553 /* Tempa.app */,
			);
			name = Products;
			sourceTree = "<group>";
		};
		A4D3D3E22F2ECEB400C66F21 /* Domain */ = {
			isa = PBXGroup;
			children = (
				A4D3D3C22F2ECC9200C66F21 /* RepCounter.swift */,
				A4D3D3C82F2ECC9200C66F21 /* WorkoutSessionStore.swift */,
			);
			path = Domain;
			sourceTree = "<group>";
		};
		A4D3D3E32F2ECED500C66F21 /* Persistence */ = {
			isa = PBXGroup;
			children = (
				A4D3D3C72F2ECC9200C66F21 /* WorkoutSessionRepository.swift */,
			);
			path = Persistence;
			sourceTree = "<group>";
		};
		A4D3D3E42F2ECEDC00C66F21 /* Services */ = {
			isa = PBXGroup;
			children = (
				A4D3D3F02F2ED15B00C66F21 /* Camera */,
			);
			path = Services;
			sourceTree = "<group>";
		};
		A4D3D3E52F2ECEE300C66F21 /* Features */ = {
			isa = PBXGroup;
			children = (
				A4D3D3ED2F2ED00F00C66F21 /* Summary */,
				A4D3D3EC2F2ECFF300C66F21 /* Workout */,
				A4D3D3EB2F2ECFED00C66F21 /* Stats */,
				A4D3D3EA2F2ECFD700C66F21 /* CameraSetup */,
				A4D3D3E92F2ECFC800C66F21 /* Overlays */,
				A4D3D3E82F2ECFB100C66F21 /* WorkoutSession */,
			);
			path = Features;
			sourceTree = "<group>";
		};
		A4D3D3E62F2ECEF700C66F21 /* Shared */ = {
			isa = PBXGroup;
			children = (
				A4D3D3EF2F2ED02A00C66F21 /* Theme */,
				A4D3D3EE2F2ED02400C66F21 /* Components */,
			);
			path = Shared;
			sourceTree = "<group>";
		};
		A4D3D3E72F2ECEFC00C66F21 /* Tests */ = {
			isa = PBXGroup;
			children = (
				A4D3D3C32F2ECC9200C66F21 /* RepCounterTests.swift */,
			);
			path = Tests;
			sourceTree = "<group>";
		};
		A4D3D3E82F2ECFB100C66F21 /* WorkoutSession */ = {
			isa = PBXGroup;
			children = (
				A4D3D3CA2F2ECC9200C66F21 /* WorkoutSessionViewModel.swift */,
				A4D3D3C92F2ECC9200C66F21 /* WorkoutSessionView.swift */,
			);
			path = WorkoutSession;
			sourceTree = "<group>";
		};
		A4D3D3E92F2ECFC800C66F21 /* Overlays */ = {
			isa = PBXGroup;
			children = (
				A4D3D3C02F2ECC9200C66F21 /* PoseOverlayView.swift */,
				A4D3D3BB2F2ECC9200C66F21 /* BarOverlayView.swift */,
			);
			path = Overlays;
			sourceTree = "<group>";
		};
		A4D3D3EA2F2ECFD700C66F21 /* CameraSetup */ = {
			isa = PBXGroup;
			children = (
				A4D3D3BD2F2ECC9200C66F21 /* CameraSetupView.swift */,
			);
			path = CameraSetup;
			sourceTree = "<group>";
		};
		A4D3D3EB2F2ECFED00C66F21 /* Stats */ = {
			isa = PBXGroup;
			children = (
				A4D3D3C42F2ECC9200C66F21 /* StatsView.swift */,
			);
			path = Stats;
			sourceTree = "<group>";
		};
		A4D3D3EC2F2ECFF300C66F21 /* Workout */ = {
			isa = PBXGroup;
			children = (
				A4D3D3CC2F2ECC9200C66F21 /* WorkoutView.swift */,
			);
			path = Workout;
			sourceTree = "<group>";
		};
		A4D3D3ED2F2ED00F00C66F21 /* Summary */ = {
			isa = PBXGroup;
			children = (
				A4D3D3CB2F2ECC9200C66F21 /* WorkoutSummaryView.swift */,
			);
			path = Summary;
			sourceTree = "<group>";
		};
		A4D3D3EE2F2ED02400C66F21 /* Components */ = {
			isa = PBXGroup;
			children = (
				A4D3D3E02F2ECCD100C66F21 /* EnlargedPulsingCircle.swift */,
			);
			path = Components;
			sourceTree = "<group>";
		};
		A4D3D3EF2F2ED02A00C66F21 /* Theme */ = {
			isa = PBXGroup;
			children = (
				A4D3D3C62F2ECC9200C66F21 /* Theme.swift */,
			);
			path = Theme;
			sourceTree = "<group>";
		};
		A4D3D3F02F2ED15B00C66F21 /* Camera */ = {
			isa = PBXGroup;
			children = (
				A4D3D3C12F2ECC9200C66F21 /* PreviewView.swift */,
				A4D3D3BE2F2ECC9200C66F21 /* CameraView.swift */,
				A4D3D3BC2F2ECC9200C66F21 /* BodyPoseService.swift */,
				A4EBDA342F2ED51E0050768B /* README.md */,
			);
			path = Camera;
			sourceTree = "<group>";
		};
/* End PBXGroup section */

/* Begin PBXNativeTarget section */
		A494A1242E16CE7900207553 /* Tempa */ = {
			isa = PBXNativeTarget;
			buildConfigurationList = A494A1302E16CE7B00207553 /* Build configuration list for PBXNativeTarget "Tempa" */;
			buildPhases = (
				A494A1212E16CE7900207553 /* Sources */,
				A494A1222E16CE7900207553 /* Frameworks */,
				A494A1232E16CE7900207553 /* Resources */,
			);
			buildRules = (
			);
			dependencies = (
			);
			fileSystemSynchronizedGroups = (
				A494A1272E16CE7900207553 /* Tempa */,
			);
			name = Tempa;
			packageProductDependencies = (
			);
			productName = autumnFall;
			productReference = A494A1252E16CE7900207553 /* Tempa.app */;
			productType = "com.apple.product-type.application";
		};
/* End PBXNativeTarget section */

/* Begin PBXProject section */
		A494A11D2E16CE7900207553 /* Project object */ = {
			isa = PBXProject;
			attributes = {
				BuildIndependentTargetsInParallel = 1;
				LastSwiftUpdateCheck = 1640;
				LastUpgradeCheck = 2620;
				TargetAttributes = {
					A494A1242E16CE7900207553 = {
						CreatedOnToolsVersion = 16.4;
					};
				};
			};
			buildConfigurationList = A494A1202E16CE7900207553 /* Build configuration list for PBXProject "Tempa" */;
			developmentRegion = en;
			hasScannedForEncodings = 0;
			knownRegions = (
				en,
				Base,
			);
			mainGroup = A494A11C2E16CE7900207553;
			minimizedProjectReferenceProxies = 1;
			preferredProjectObjectVersion = 77;
			productRefGroup = A494A1262E16CE7900207553 /* Products */;
			projectDirPath = "";
			projectRoot = "";
			targets = (
				A494A1242E16CE7900207553 /* Tempa */,
			);
		};
/* End PBXProject section */

/* Begin PBXResourcesBuildPhase section */
		A494A1232E16CE7900207553 /* Resources */ = {
			isa = PBXResourcesBuildPhase;
			buildActionMask = 2147483647;
			files = (
				A4EBDA352F2ED51E0050768B /* README.md in Resources */,
			);
			runOnlyForDeploymentPostprocessing = 0;
		};
/* End PBXResourcesBuildPhase section */

/* Begin PBXSourcesBuildPhase section */
		A494A1212E16CE7900207553 /* Sources */ = {
			isa = PBXSourcesBuildPhase;
			buildActionMask = 2147483647;
			files = (
				A4D3D3E12F2ECCD100C66F21 /* EnlargedPulsingCircle.swift in Sources */,
				A4D3D3CD2F2ECC9200C66F21 /* BarOverlayView.swift in Sources */,
				A4D3D3CE2F2ECC9200C66F21 /* BodyPoseService.swift in Sources */,
				A4D3D3CF2F2ECC9200C66F21 /* CameraSetupView.swift in Sources */,
				A4D3D3D02F2ECC9200C66F21 /* CameraView.swift in Sources */,
				A4D3D3D22F2ECC9200C66F21 /* PoseOverlayView.swift in Sources */,
				A4D3D3D32F2ECC9200C66F21 /* PreviewView.swift in Sources */,
				A4D3D3D42F2ECC9200C66F21 /* RepCounter.swift in Sources */,
				A4D3D3D52F2ECC9200C66F21 /* RepCounterTests.swift in Sources */,
				A4D3D3D62F2ECC9200C66F21 /* StatsView.swift in Sources */,
				A4D3D3D82F2ECC9200C66F21 /* Theme.swift in Sources */,
				A4D3D3D92F2ECC9200C66F21 /* WorkoutSessionRepository.swift in Sources */,
				A4D3D3DA2F2ECC9200C66F21 /* WorkoutSessionStore.swift in Sources */,
				A4D3D3DB2F2ECC9200C66F21 /* WorkoutSessionView.swift in Sources */,
				A4D3D3DC2F2ECC9200C66F21 /* WorkoutSessionViewModel.swift in Sources */,
				A4D3D3DD2F2ECC9200C66F21 /* WorkoutSummaryView.swift in Sources */,
				A4D3D3DE2F2ECC9200C66F21 /* WorkoutView.swift in Sources */,
			);
			runOnlyForDeploymentPostprocessing = 0;
		};
/* End PBXSourcesBuildPhase section */

/* Begin XCBuildConfiguration section */
		A494A12E2E16CE7B00207553 /* Debug */ = {
			isa = XCBuildConfiguration;
			buildSettings = {
				ALWAYS_SEARCH_USER_PATHS = NO;
				ASSETCATALOG_COMPILER_GENERATE_SWIFT_ASSET_SYMBOL_EXTENSIONS = YES;
				CLANG_ANALYZER_NONNULL = YES;
				CLANG_ANALYZER_NUMBER_OBJECT_CONVERSION = YES_AGGRESSIVE;
				CLANG_CXX_LANGUAGE_STANDARD = "gnu++20";
				CLANG_ENABLE_MODULES = YES;
				CLANG_ENABLE_OBJC_ARC = YES;
				CLANG_ENABLE_OBJC_WEAK = YES;
				CLANG_WARN_BLOCK_CAPTURE_AUTORELEASING = YES;
				CLANG_WARN_BOOL_CONVERSION = YES;
				CLANG_WARN_COMMA = YES;
				CLANG_WARN_CONSTANT_CONVERSION = YES;
				CLANG_WARN_DEPRECATED_OBJC_IMPLEMENTATIONS = YES;
				CLANG_WARN_DIRECT_OBJC_ISA_USAGE = YES_ERROR;
				CLANG_WARN_DOCUMENTATION_COMMENTS = YES;
				CLANG_WARN_EMPTY_BODY = YES;
				CLANG_WARN_ENUM_CONVERSION = YES;
				CLANG_WARN_INFINITE_RECURSION = YES;
				CLANG_WARN_INT_CONVERSION = YES;
				CLANG_WARN_NON_LITERAL_NULL_CONVERSION = YES;
				CLANG_WARN_OBJC_IMPLICIT_RETAIN_SELF = YES;
				CLANG_WARN_OBJC_LITERAL_CONVERSION = YES;
				CLANG_WARN_OBJC_ROOT_CLASS = YES_ERROR;
				CLANG_WARN_QUOTED_INCLUDE_IN_FRAMEWORK_HEADER = YES;
				CLANG_WARN_RANGE_LOOP_ANALYSIS = YES;
				CLANG_WARN_STRICT_PROTOTYPES = YES;
				CLANG_WARN_SUSPICIOUS_MOVE = YES;
				CLANG_WARN_UNGUARDED_AVAILABILITY = YES_AGGRESSIVE;
				CLANG_WARN_UNREACHABLE_CODE = YES;
				CLANG_WARN__DUPLICATE_METHOD_MATCH = YES;
				COPY_PHASE_STRIP = NO;
				DEBUG_INFORMATION_FORMAT = dwarf;
				DEVELOPMENT_TEAM = A99K8389F8;
				ENABLE_STRICT_OBJC_MSGSEND = YES;
				ENABLE_TESTABILITY = YES;
				ENABLE_USER_SCRIPT_SANDBOXING = YES;
				GCC_C_LANGUAGE_STANDARD = gnu17;
				GCC_DYNAMIC_NO_PIC = NO;
				GCC_NO_COMMON_BLOCKS = YES;
				GCC_OPTIMIZATION_LEVEL = 0;
				GCC_PREPROCESSOR_DEFINITIONS = (
					"DEBUG=1",
					"$(inherited)",
				);
				GCC_WARN_64_TO_32_BIT_CONVERSION = YES;
				GCC_WARN_ABOUT_RETURN_TYPE = YES_ERROR;
				GCC_WARN_UNDECLARED_SELECTOR = YES;
				GCC_WARN_UNINITIALIZED_AUTOS = YES_AGGRESSIVE;
				GCC_WARN_UNUSED_FUNCTION = YES;
				GCC_WARN_UNUSED_VARIABLE = YES;
				IPHONEOS_DEPLOYMENT_TARGET = 18.5;
				LOCALIZATION_PREFERS_STRING_CATALOGS = YES;
				MTL_ENABLE_DEBUG_INFO = INCLUDE_SOURCE;
				MTL_FAST_MATH = YES;
				ONLY_ACTIVE_ARCH = YES;
				PRODUCT_NAME = Tempa;
				SDKROOT = iphoneos;
				STRING_CATALOG_GENERATE_SYMBOLS = YES;
				SWIFT_ACTIVE_COMPILATION_CONDITIONS = "DEBUG $(inherited)";
				SWIFT_OPTIMIZATION_LEVEL = "-Onone";
			};
			name = Debug;
		};
		A494A12F2E16CE7B00207553 /* Release */ = {
			isa = XCBuildConfiguration;
			buildSettings = {
				ALWAYS_SEARCH_USER_PATHS = NO;
				ASSETCATALOG_COMPILER_GENERATE_SWIFT_ASSET_SYMBOL_EXTENSIONS = YES;
				CLANG_ANALYZER_NONNULL = YES;
				CLANG_ANALYZER_NUMBER_OBJECT_CONVERSION = YES_AGGRESSIVE;
				CLANG_CXX_LANGUAGE_STANDARD = "gnu++20";
				CLANG_ENABLE_MODULES = YES;
				CLANG_ENABLE_OBJC_ARC = YES;
				CLANG_ENABLE_OBJC_WEAK = YES;
				CLANG_WARN_BLOCK_CAPTURE_AUTORELEASING = YES;
				CLANG_WARN_BOOL_CONVERSION = YES;
				CLANG_WARN_COMMA = YES;
				CLANG_WARN_CONSTANT_CONVERSION = YES;
				CLANG_WARN_DEPRECATED_OBJC_IMPLEMENTATIONS = YES;
				CLANG_WARN_DIRECT_OBJC_ISA_USAGE = YES_ERROR;
				CLANG_WARN_DOCUMENTATION_COMMENTS = YES;
				CLANG_WARN_EMPTY_BODY = YES;
				CLANG_WARN_ENUM_CONVERSION = YES;
				CLANG_WARN_INFINITE_RECURSION = YES;
				CLANG_WARN_INT_CONVERSION = YES;
				CLANG_WARN_NON_LITERAL_NULL_CONVERSION = YES;
				CLANG_WARN_OBJC_IMPLICIT_RETAIN_SELF = YES;
				CLANG_WARN_OBJC_LITERAL_CONVERSION = YES;
				CLANG_WARN_OBJC_ROOT_CLASS = YES_ERROR;
				CLANG_WARN_QUOTED_INCLUDE_IN_FRAMEWORK_HEADER = YES;
				CLANG_WARN_RANGE_LOOP_ANALYSIS = YES;
				CLANG_WARN_STRICT_PROTOTYPES = YES;
				CLANG_WARN_SUSPICIOUS_MOVE = YES;
				CLANG_WARN_UNGUARDED_AVAILABILITY = YES_AGGRESSIVE;
				CLANG_WARN_UNREACHABLE_CODE = YES;
				CLANG_WARN__DUPLICATE_METHOD_MATCH = YES;
				COPY_PHASE_STRIP = NO;
				DEBUG_INFORMATION_FORMAT = "dwarf-with-dsym";
				DEVELOPMENT_TEAM = A99K8389F8;
				ENABLE_NS_ASSERTIONS = NO;
				ENABLE_STRICT_OBJC_MSGSEND = YES;
				ENABLE_USER_SCRIPT_SANDBOXING = YES;
				GCC_C_LANGUAGE_STANDARD = gnu17;
				GCC_NO_COMMON_BLOCKS = YES;
				GCC_WARN_64_TO_32_BIT_CONVERSION = YES;
				GCC_WARN_ABOUT_RETURN_TYPE = YES_ERROR;
				GCC_WARN_UNDECLARED_SELECTOR = YES;
				GCC_WARN_UNINITIALIZED_AUTOS = YES_AGGRESSIVE;
				GCC_WARN_UNUSED_FUNCTION = YES;
				GCC_WARN_UNUSED_VARIABLE = YES;
				IPHONEOS_DEPLOYMENT_TARGET = 18.5;
				LOCALIZATION_PREFERS_STRING_CATALOGS = YES;
				MTL_ENABLE_DEBUG_INFO = NO;
				MTL_FAST_MATH = YES;
				PRODUCT_NAME = Tempa;
				SDKROOT = iphoneos;
				STRING_CATALOG_GENERATE_SYMBOLS = YES;
				SWIFT_COMPILATION_MODE = wholemodule;
				VALIDATE_PRODUCT = YES;
			};
			name = Release;
		};
		A494A1312E16CE7B00207553 /* Debug */ = {
			isa = XCBuildConfiguration;
			buildSettings = {
				ASSETCATALOG_COMPILER_APPICON_NAME = AppIcon;
				ASSETCATALOG_COMPILER_GLOBAL_ACCENT_COLOR_NAME = AccentColor;
				CODE_SIGN_STYLE = Automatic;
				CURRENT_PROJECT_VERSION = 1;
				DEVELOPMENT_TEAM = A99K8389F8;
				ENABLE_PREVIEWS = YES;
				GENERATE_INFOPLIST_FILE = YES;
				INFOPLIST_KEY_CFBundleDisplayName = Tempa;
				INFOPLIST_KEY_LSApplicationCategoryType = "public.app-category.healthcare-fitness";
				INFOPLIST_KEY_NSCameraUsageDescription = "We use your camera to detect pull-up forms.";
				INFOPLIST_KEY_UIApplicationSceneManifest_Generation = YES;
				INFOPLIST_KEY_UIApplicationSupportsIndirectInputEvents = YES;
				INFOPLIST_KEY_UILaunchScreen_Generation = YES;
				INFOPLIST_KEY_UISupportedInterfaceOrientations_iPad = "UIInterfaceOrientationPortrait UIInterfaceOrientationPortraitUpsideDown UIInterfaceOrientationLandscapeLeft UIInterfaceOrientationLandscapeRight";
				INFOPLIST_KEY_UISupportedInterfaceOrientations_iPhone = "UIInterfaceOrientationPortrait UIInterfaceOrientationLandscapeLeft UIInterfaceOrientationLandscapeRight";
				LD_RUNPATH_SEARCH_PATHS = (
					"$(inherited)",
					"@executable_path/Frameworks",
				);
				MARKETING_VERSION = 1.0;
				PRODUCT_BUNDLE_IDENTIFIER = com.aahbozz.Tempa;
				PRODUCT_NAME = "$(TARGET_NAME)";
				SWIFT_EMIT_LOC_STRINGS = YES;
				SWIFT_VERSION = 5.0;
				TARGETED_DEVICE_FAMILY = "1,2";
			};
			name = Debug;
		};
		A494A1322E16CE7B00207553 /* Release */ = {
			isa = XCBuildConfiguration;
			buildSettings = {
				ASSETCATALOG_COMPILER_APPICON_NAME = AppIcon;
				ASSETCATALOG_COMPILER_GLOBAL_ACCENT_COLOR_NAME = AccentColor;
				CODE_SIGN_STYLE = Automatic;
				CURRENT_PROJECT_VERSION = 1;
				DEVELOPMENT_TEAM = A99K8389F8;
				ENABLE_PREVIEWS = YES;
				GENERATE_INFOPLIST_FILE = YES;
				INFOPLIST_KEY_CFBundleDisplayName = Tempa;
				INFOPLIST_KEY_LSApplicationCategoryType = "public.app-category.healthcare-fitness";
				INFOPLIST_KEY_NSCameraUsageDescription = "We use your camera to detect pull-up forms.";
				INFOPLIST_KEY_UIApplicationSceneManifest_Generation = YES;
				INFOPLIST_KEY_UIApplicationSupportsIndirectInputEvents = YES;
				INFOPLIST_KEY_UILaunchScreen_Generation = YES;
				INFOPLIST_KEY_UISupportedInterfaceOrientations_iPad = "UIInterfaceOrientationPortrait UIInterfaceOrientationPortraitUpsideDown UIInterfaceOrientationLandscapeLeft UIInterfaceOrientationLandscapeRight";
				INFOPLIST_KEY_UISupportedInterfaceOrientations_iPhone = "UIInterfaceOrientationPortrait UIInterfaceOrientationLandscapeLeft UIInterfaceOrientationLandscapeRight";
				LD_RUNPATH_SEARCH_PATHS = (
					"$(inherited)",
					"@executable_path/Frameworks",
				);
				MARKETING_VERSION = 1.0;
				PRODUCT_BUNDLE_IDENTIFIER = com.aahbozz.Tempa;
				PRODUCT_NAME = "$(TARGET_NAME)";
				SWIFT_EMIT_LOC_STRINGS = YES;
				SWIFT_VERSION = 5.0;
				TARGETED_DEVICE_FAMILY = "1,2";
			};
			name = Release;
		};
/* End XCBuildConfiguration section */

/* Begin XCConfigurationList section */
		A494A1202E16CE7900207553 /* Build configuration list for PBXProject "Tempa" */ = {
			isa = XCConfigurationList;
			buildConfigurations = (
				A494A12E2E16CE7B00207553 /* Debug */,
				A494A12F2E16CE7B00207553 /* Release */,
			);
			defaultConfigurationIsVisible = 0;
			defaultConfigurationName = Release;
		};
		A494A1302E16CE7B00207553 /* Build configuration list for PBXNativeTarget "Tempa" */ = {
			isa = XCConfigurationList;
			buildConfigurations = (
				A494A1312E16CE7B00207553 /* Debug */,
				A494A1322E16CE7B00207553 /* Release */,
			);
			defaultConfigurationIsVisible = 0;
			defaultConfigurationName = Release;
		};
/* End XCConfigurationList section */
	};
	rootObject = A494A11D2E16CE7900207553 /* Project object */;
}
